// !$*UTF8*$!
{
	archiveVersion = 1;
	classes = {
	};
	objectVersion = 46;
	objects = {

/* Begin PBXBuildFile section */
		C49469BF15A413CE008B3EFB /* ContentViewController.m in Sources */ = {isa = PBXBuildFile; fileRef = C49469BE15A413CE008B3EFB /* ContentViewController.m */; };
		C49469C215A4187C008B3EFB /* ModelController.m in Sources */ = {isa = PBXBuildFile; fileRef = C49469C115A4187C008B3EFB /* ModelController.m */; };
		C4E91BA915A3FE5200FD5DEB /* UIKit.framework in Frameworks */ = {isa = PBXBuildFile; fileRef = C4E91BA815A3FE5200FD5DEB /* UIKit.framework */; };
		C4E91BAB15A3FE5200FD5DEB /* Foundation.framework in Frameworks */ = {isa = PBXBuildFile; fileRef = C4E91BAA15A3FE5200FD5DEB /* Foundation.framework */; };
		C4E91BAD15A3FE5200FD5DEB /* CoreGraphics.framework in Frameworks */ = {isa = PBXBuildFile; fileRef = C4E91BAC15A3FE5200FD5DEB /* CoreGraphics.framework */; };
		C4E91BB315A3FE5200FD5DEB /* InfoPlist.strings in Resources */ = {isa = PBXBuildFile; fileRef = C4E91BB115A3FE5200FD5DEB /* InfoPlist.strings */; };
		C4E91BB515A3FE5200FD5DEB /* main.m in Sources */ = {isa = PBXBuildFile; fileRef = C4E91BB415A3FE5200FD5DEB /* main.m */; };
		C4E91BB915A3FE5200FD5DEB /* AppDelegate.m in Sources */ = {isa = PBXBuildFile; fileRef = C4E91BB815A3FE5200FD5DEB /* AppDelegate.m */; };
		C4E91BBC15A3FE5200FD5DEB /* MainStoryboard.storyboard in Resources */ = {isa = PBXBuildFile; fileRef = C4E91BBA15A3FE5200FD5DEB /* MainStoryboard.storyboard */; };
		C4E91BCB15A3FF2900FD5DEB /* MasterViewController.m in Sources */ = {isa = PBXBuildFile; fileRef = C4E91BCA15A3FF2900FD5DEB /* MasterViewController.m */; };
		C4E91BCD15A400AE00FD5DEB /* libsqlite3.0.dylib in Frameworks */ = {isa = PBXBuildFile; fileRef = C4E91BCC15A400AE00FD5DEB /* libsqlite3.0.dylib */; };
		C4E91BD515A400FE00FD5DEB /* FMDatabase.m in Sources */ = {isa = PBXBuildFile; fileRef = C4E91BD015A400FE00FD5DEB /* FMDatabase.m */; settings = {COMPILER_FLAGS = "-fno-objc-arc"; }; };
		C4E91BD615A400FE00FD5DEB /* FMDatabaseAdditions.m in Sources */ = {isa = PBXBuildFile; fileRef = C4E91BD215A400FE00FD5DEB /* FMDatabaseAdditions.m */; settings = {COMPILER_FLAGS = "-fno-objc-arc"; }; };
		C4E91BD715A400FE00FD5DEB /* FMResultSet.m in Sources */ = {isa = PBXBuildFile; fileRef = C4E91BD415A400FE00FD5DEB /* FMResultSet.m */; settings = {COMPILER_FLAGS = "-fno-objc-arc"; }; };
		C4E91BD915A4014900FD5DEB /* myNovel.db in Resources */ = {isa = PBXBuildFile; fileRef = C4E91BD815A4014900FD5DEB /* myNovel.db */; };
		C4E91BDC15A401B400FD5DEB /* DatabaseHelper.m in Sources */ = {isa = PBXBuildFile; fileRef = C4E91BDB15A401B400FD5DEB /* DatabaseHelper.m */; };
		C4E91BE315A40C8200FD5DEB /* PageViewController.m in Sources */ = {isa = PBXBuildFile; fileRef = C4E91BE215A40C8200FD5DEB /* PageViewController.m */; };
/* End PBXBuildFile section */

/* Begin PBXFileReference section */
		C49469BD15A413CE008B3EFB /* ContentViewController.h */ = {isa = PBXFileReference; fileEncoding = 4; lastKnownFileType = sourcecode.c.h; path = ContentViewController.h; sourceTree = "<group>"; };
		C49469BE15A413CE008B3EFB /* ContentViewController.m */ = {isa = PBXFileReference; fileEncoding = 4; lastKnownFileType = sourcecode.c.objc; path = ContentViewController.m; sourceTree = "<group>"; };
		C49469C015A4187C008B3EFB /* ModelController.h */ = {isa = PBXFileReference; fileEncoding = 4; lastKnownFileType = sourcecode.c.h; path = ModelController.h; sourceTree = "<group>"; };
		C49469C115A4187C008B3EFB /* ModelController.m */ = {isa = PBXFileReference; fileEncoding = 4; lastKnownFileType = sourcecode.c.objc; path = ModelController.m; sourceTree = "<group>"; };
		C4E91BA415A3FE5200FD5DEB /* Novel.app */ = {isa = PBXFileReference; explicitFileType = wrapper.application; includeInIndex = 0; path = Novel.app; sourceTree = BUILT_PRODUCTS_DIR; };
		C4E91BA815A3FE5200FD5DEB /* UIKit.framework */ = {isa = PBXFileReference; lastKnownFileType = wrapper.framework; name = UIKit.framework; path = System/Library/Frameworks/UIKit.framework; sourceTree = SDKROOT; };
		C4E91BAA15A3FE5200FD5DEB /* Foundation.framework */ = {isa = PBXFileReference; lastKnownFileType = wrapper.framework; name = Foundation.framework; path = System/Library/Frameworks/Foundation.framework; sourceTree = SDKROOT; };
		C4E91BAC15A3FE5200FD5DEB /* CoreGraphics.framework */ = {isa = PBXFileReference; lastKnownFileType = wrapper.framework; name = CoreGraphics.framework; path = System/Library/Frameworks/CoreGraphics.framework; sourceTree = SDKROOT; };
		C4E91BB015A3FE5200FD5DEB /* Novel-Info.plist */ = {isa = PBXFileReference; lastKnownFileType = text.plist.xml; path = "Novel-Info.plist"; sourceTree = "<group>"; };
		C4E91BB215A3FE5200FD5DEB /* en */ = {isa = PBXFileReference; lastKnownFileType = text.plist.strings; name = en; path = en.lproj/InfoPlist.strings; sourceTree = "<group>"; };
		C4E91BB415A3FE5200FD5DEB /* main.m */ = {isa = PBXFileReference; lastKnownFileType = sourcecode.c.objc; path = main.m; sourceTree = "<group>"; };
		C4E91BB615A3FE5200FD5DEB /* Novel-Prefix.pch */ = {isa = PBXFileReference; lastKnownFileType = sourcecode.c.h; path = "Novel-Prefix.pch"; sourceTree = "<group>"; };
		C4E91BB715A3FE5200FD5DEB /* AppDelegate.h */ = {isa = PBXFileReference; lastKnownFileType = sourcecode.c.h; path = AppDelegate.h; sourceTree = "<group>"; };
		C4E91BB815A3FE5200FD5DEB /* AppDelegate.m */ = {isa = PBXFileReference; lastKnownFileType = sourcecode.c.objc; path = AppDelegate.m; sourceTree = "<group>"; };
		C4E91BBB15A3FE5200FD5DEB /* en */ = {isa = PBXFileReference; lastKnownFileType = file.storyboard; name = en; path = en.lproj/MainStoryboard.storyboard; sourceTree = "<group>"; };
		C4E91BC915A3FF2900FD5DEB /* MasterViewController.h */ = {isa = PBXFileReference; fileEncoding = 4; lastKnownFileType = sourcecode.c.h; path = MasterViewController.h; sourceTree = "<group>"; };
		C4E91BCA15A3FF2900FD5DEB /* MasterViewController.m */ = {isa = PBXFileReference; fileEncoding = 4; lastKnownFileType = sourcecode.c.objc; path = MasterViewController.m; sourceTree = "<group>"; };
		C4E91BCC15A400AE00FD5DEB /* libsqlite3.0.dylib */ = {isa = PBXFileReference; lastKnownFileType = "compiled.mach-o.dylib"; name = libsqlite3.0.dylib; path = usr/lib/libsqlite3.0.dylib; sourceTree = SDKROOT; };
		C4E91BCF15A400FE00FD5DEB /* FMDatabase.h */ = {isa = PBXFileReference; fileEncoding = 4; lastKnownFileType = sourcecode.c.h; path = FMDatabase.h; sourceTree = "<group>"; };
		C4E91BD015A400FE00FD5DEB /* FMDatabase.m */ = {isa = PBXFileReference; fileEncoding = 4; lastKnownFileType = sourcecode.c.objc; path = FMDatabase.m; sourceTree = "<group>"; };
		C4E91BD115A400FE00FD5DEB /* FMDatabaseAdditions.h */ = {isa = PBXFileReference; fileEncoding = 4; lastKnownFileType = sourcecode.c.h; path = FMDatabaseAdditions.h; sourceTree = "<group>"; };
		C4E91BD215A400FE00FD5DEB /* FMDatabaseAdditions.m */ = {isa = PBXFileReference; fileEncoding = 4; lastKnownFileType = sourcecode.c.objc; path = FMDatabaseAdditions.m; sourceTree = "<group>"; };
		C4E91BD315A400FE00FD5DEB /* FMResultSet.h */ = {isa = PBXFileReference; fileEncoding = 4; lastKnownFileType = sourcecode.c.h; path = FMResultSet.h; sourceTree = "<group>"; };
		C4E91BD415A400FE00FD5DEB /* FMResultSet.m */ = {isa = PBXFileReference; fileEncoding = 4; lastKnownFileType = sourcecode.c.objc; path = FMResultSet.m; sourceTree = "<group>"; };
		C4E91BD815A4014900FD5DEB /* myNovel.db */ = {isa = PBXFileReference; lastKnownFileType = file; name = myNovel.db; path = Novel/myNovel.db; sourceTree = "<group>"; };
		C4E91BDA15A401B400FD5DEB /* DatabaseHelper.h */ = {isa = PBXFileReference; fileEncoding = 4; lastKnownFileType = sourcecode.c.h; path = DatabaseHelper.h; sourceTree = "<group>"; };
		C4E91BDB15A401B400FD5DEB /* DatabaseHelper.m */ = {isa = PBXFileReference; fileEncoding = 4; lastKnownFileType = sourcecode.c.objc; path = DatabaseHelper.m; sourceTree = "<group>"; };
		C4E91BE115A40C8200FD5DEB /* PageViewController.h */ = {isa = PBXFileReference; fileEncoding = 4; lastKnownFileType = sourcecode.c.h; path = PageViewController.h; sourceTree = "<group>"; };
		C4E91BE215A40C8200FD5DEB /* PageViewController.m */ = {isa = PBXFileReference; fileEncoding = 4; lastKnownFileType = sourcecode.c.objc; path = PageViewController.m; sourceTree = "<group>"; };
/* End PBXFileReference section */

/* Begin PBXFrameworksBuildPhase section */
		C4E91BA115A3FE5200FD5DEB /* Frameworks */ = {
			isa = PBXFrameworksBuildPhase;
			buildActionMask = 2147483647;
			files = (
				C4E91BCD15A400AE00FD5DEB /* libsqlite3.0.dylib in Frameworks */,
				C4E91BA915A3FE5200FD5DEB /* UIKit.framework in Frameworks */,
				C4E91BAB15A3FE5200FD5DEB /* Foundation.framework in Frameworks */,
				C4E91BAD15A3FE5200FD5DEB /* CoreGraphics.framework in Frameworks */,
			);
			runOnlyForDeploymentPostprocessing = 0;
		};
/* End PBXFrameworksBuildPhase section */

/* Begin PBXGroup section */
		C4E91B9915A3FE5100FD5DEB = {
			isa = PBXGroup;
			children = (
				C4E91BCE15A400BC00FD5DEB /* FMDB */,
				C4E91BAE15A3FE5200FD5DEB /* Novel */,
				C4E91BA715A3FE5200FD5DEB /* Frameworks */,
				C4E91BA515A3FE5200FD5DEB /* Products */,
			);
			sourceTree = "<group>";
		};
		C4E91BA515A3FE5200FD5DEB /* Products */ = {
			isa = PBXGroup;
			children = (
				C4E91BA415A3FE5200FD5DEB /* Novel.app */,
			);
			name = Products;
			sourceTree = "<group>";
		};
		C4E91BA715A3FE5200FD5DEB /* Frameworks */ = {
			isa = PBXGroup;
			children = (
				C4E91BCC15A400AE00FD5DEB /* libsqlite3.0.dylib */,
				C4E91BA815A3FE5200FD5DEB /* UIKit.framework */,
				C4E91BAA15A3FE5200FD5DEB /* Foundation.framework */,
				C4E91BAC15A3FE5200FD5DEB /* CoreGraphics.framework */,
			);
			name = Frameworks;
			sourceTree = "<group>";
		};
		C4E91BAE15A3FE5200FD5DEB /* Novel */ = {
			isa = PBXGroup;
			children = (
				C4E91BB715A3FE5200FD5DEB /* AppDelegate.h */,
				C4E91BB815A3FE5200FD5DEB /* AppDelegate.m */,
				C4E91BBA15A3FE5200FD5DEB /* MainStoryboard.storyboard */,
				C4E91BAF15A3FE5200FD5DEB /* Supporting Files */,
				C4E91BC915A3FF2900FD5DEB /* MasterViewController.h */,
				C4E91BCA15A3FF2900FD5DEB /* MasterViewController.m */,
				C4E91BE115A40C8200FD5DEB /* PageViewController.h */,
				C4E91BE215A40C8200FD5DEB /* PageViewController.m */,
				C4E91BDA15A401B400FD5DEB /* DatabaseHelper.h */,
				C4E91BDB15A401B400FD5DEB /* DatabaseHelper.m */,
				C49469BD15A413CE008B3EFB /* ContentViewController.h */,
				C49469BE15A413CE008B3EFB /* ContentViewController.m */,
				C49469C015A4187C008B3EFB /* ModelController.h */,
				C49469C115A4187C008B3EFB /* ModelController.m */,
			);
			path = Novel;
			sourceTree = "<group>";
		};
		C4E91BAF15A3FE5200FD5DEB /* Supporting Files */ = {
			isa = PBXGroup;
			children = (
				C4E91BB015A3FE5200FD5DEB /* Novel-Info.plist */,
				C4E91BB115A3FE5200FD5DEB /* InfoPlist.strings */,
				C4E91BB415A3FE5200FD5DEB /* main.m */,
				C4E91BB615A3FE5200FD5DEB /* Novel-Prefix.pch */,
			);
			name = "Supporting Files";
			sourceTree = "<group>";
		};
		C4E91BCE15A400BC00FD5DEB /* FMDB */ = {
			isa = PBXGroup;
			children = (
				C4E91BCF15A400FE00FD5DEB /* FMDatabase.h */,
				C4E91BD015A400FE00FD5DEB /* FMDatabase.m */,
				C4E91BD115A400FE00FD5DEB /* FMDatabaseAdditions.h */,
				C4E91BD215A400FE00FD5DEB /* FMDatabaseAdditions.m */,
				C4E91BD315A400FE00FD5DEB /* FMResultSet.h */,
				C4E91BD415A400FE00FD5DEB /* FMResultSet.m */,
				C4E91BD815A4014900FD5DEB /* myNovel.db */,
			);
			name = FMDB;
			sourceTree = "<group>";
		};
/* End PBXGroup section */

/* Begin PBXNativeTarget section */
		C4E91BA315A3FE5200FD5DEB /* Novel */ = {
			isa = PBXNativeTarget;
			buildConfigurationList = C4E91BC215A3FE5200FD5DEB /* Build configuration list for PBXNativeTarget "Novel" */;
			buildPhases = (
				C4E91BA015A3FE5200FD5DEB /* Sources */,
				C4E91BA115A3FE5200FD5DEB /* Frameworks */,
				C4E91BA215A3FE5200FD5DEB /* Resources */,
			);
			buildRules = (
			);
			dependencies = (
			);
			name = Novel;
			productName = Novel;
			productReference = C4E91BA415A3FE5200FD5DEB /* Novel.app */;
			productType = "com.apple.product-type.application";
		};
/* End PBXNativeTarget section */

/* Begin PBXProject section */
		C4E91B9B15A3FE5100FD5DEB /* Project object */ = {
			isa = PBXProject;
			attributes = {
				LastUpgradeCheck = 0430;
			};
			buildConfigurationList = C4E91B9E15A3FE5100FD5DEB /* Build configuration list for PBXProject "Novel" */;
			compatibilityVersion = "Xcode 3.2";
			developmentRegion = English;
			hasScannedForEncodings = 0;
			knownRegions = (
				en,
			);
			mainGroup = C4E91B9915A3FE5100FD5DEB;
			productRefGroup = C4E91BA515A3FE5200FD5DEB /* Products */;
			projectDirPath = "";
			projectRoot = "";
			targets = (
				C4E91BA315A3FE5200FD5DEB /* Novel */,
			);
		};
/* End PBXProject section */

/* Begin PBXResourcesBuildPhase section */
		C4E91BA215A3FE5200FD5DEB /* Resources */ = {
			isa = PBXResourcesBuildPhase;
			buildActionMask = 2147483647;
			files = (
				C4E91BB315A3FE5200FD5DEB /* InfoPlist.strings in Resources */,
				C4E91BBC15A3FE5200FD5DEB /* MainStoryboard.storyboard in Resources */,
				C4E91BD915A4014900FD5DEB /* myNovel.db in Resources */,
			);
			runOnlyForDeploymentPostprocessing = 0;
		};
/* End PBXResourcesBuildPhase section */

/* Begin PBXSourcesBuildPhase section */
		C4E91BA015A3FE5200FD5DEB /* Sources */ = {
			isa = PBXSourcesBuildPhase;
			buildActionMask = 2147483647;
			files = (
				C4E91BB515A3FE5200FD5DEB /* main.m in Sources */,
				C4E91BB915A3FE5200FD5DEB /* AppDelegate.m in Sources */,
				C4E91BCB15A3FF2900FD5DEB /* MasterViewController.m in Sources */,
				C4E91BD515A400FE00FD5DEB /* FMDatabase.m in Sources */,
				C4E91BD615A400FE00FD5DEB /* FMDatabaseAdditions.m in Sources */,
				C4E91BD715A400FE00FD5DEB /* FMResultSet.m in Sources */,
				C4E91BDC15A401B400FD5DEB /* DatabaseHelper.m in Sources */,
				C4E91BE315A40C8200FD5DEB /* PageViewController.m in Sources */,
				C49469BF15A413CE008B3EFB /* ContentViewController.m in Sources */,
				C49469C215A4187C008B3EFB /* ModelController.m in Sources */,
			);
			runOnlyForDeploymentPostprocessing = 0;
		};
/* End PBXSourcesBuildPhase section */

/* Begin PBXVariantGroup section */
		C4E91BB115A3FE5200FD5DEB /* InfoPlist.strings */ = {
			isa = PBXVariantGroup;
			children = (
				C4E91BB215A3FE5200FD5DEB /* en */,
			);
			name = InfoPlist.strings;
			sourceTree = "<group>";
		};
		C4E91BBA15A3FE5200FD5DEB /* MainStoryboard.storyboard */ = {
			isa = PBXVariantGroup;
			children = (
				C4E91BBB15A3FE5200FD5DEB /* en */,
			);
			name = MainStoryboard.storyboard;
			sourceTree = "<group>";
		};
/* End PBXVariantGroup section */

/* Begin XCBuildConfiguration section */
		C4E91BC015A3FE5200FD5DEB /* Debug */ = {
			isa = XCBuildConfiguration;
			buildSettings = {
				ALWAYS_SEARCH_USER_PATHS = NO;
				ARCHS = "$(ARCHS_STANDARD_32_BIT)";
				CLANG_ENABLE_OBJC_ARC = YES;
				"CODE_SIGN_IDENTITY[sdk=iphoneos*]" = "iPhone Developer";
				COPY_PHASE_STRIP = NO;
				GCC_C_LANGUAGE_STANDARD = gnu99;
				GCC_DYNAMIC_NO_PIC = NO;
				GCC_OPTIMIZATION_LEVEL = 0;
				GCC_PREPROCESSOR_DEFINITIONS = (
					"DEBUG=1",
					"$(inherited)",
				);
				GCC_SYMBOLS_PRIVATE_EXTERN = NO;
				GCC_VERSION = com.apple.compilers.llvm.clang.1_0;
				GCC_WARN_ABOUT_RETURN_TYPE = YES;
				GCC_WARN_UNINITIALIZED_AUTOS = YES;
				GCC_WARN_UNUSED_VARIABLE = YES;
				IPHONEOS_DEPLOYMENT_TARGET = 5.1;
				SDKROOT = iphoneos;
			};
			name = Debug;
		};
		C4E91BC115A3FE5200FD5DEB /* Release */ = {
			isa = XCBuildConfiguration;
			buildSettings = {
				ALWAYS_SEARCH_USER_PATHS = NO;
				ARCHS = "$(ARCHS_STANDARD_32_BIT)";
				CLANG_ENABLE_OBJC_ARC = YES;
				"CODE_SIGN_IDENTITY[sdk=iphoneos*]" = "iPhone Developer";
				COPY_PHASE_STRIP = YES;
				GCC_C_LANGUAGE_STANDARD = gnu99;
				GCC_VERSION = com.apple.compilers.llvm.clang.1_0;
				GCC_WARN_ABOUT_RETURN_TYPE = YES;
				GCC_WARN_UNINITIALIZED_AUTOS = YES;
				GCC_WARN_UNUSED_VARIABLE = YES;
				IPHONEOS_DEPLOYMENT_TARGET = 5.1;
				OTHER_CFLAGS = "-DNS_BLOCK_ASSERTIONS=1";
				SDKROOT = iphoneos;
				VALIDATE_PRODUCT = YES;
			};
			name = Release;
		};
		C4E91BC315A3FE5200FD5DEB /* Debug */ = {
			isa = XCBuildConfiguration;
			buildSettings = {
				GCC_PRECOMPILE_PREFIX_HEADER = YES;
				GCC_PREFIX_HEADER = "Novel/Novel-Prefix.pch";
				INFOPLIST_FILE = "Novel/Novel-Info.plist";
				PRODUCT_NAME = "$(TARGET_NAME)";
				WRAPPER_EXTENSION = app;
			};
			name = Debug;
		};
		C4E91BC415A3FE5200FD5DEB /* Release */ = {
			isa = XCBuildConfiguration;
			buildSettings = {
				GCC_PRECOMPILE_PREFIX_HEADER = YES;
				GCC_PREFIX_HEADER = "Novel/Novel-Prefix.pch";
				INFOPLIST_FILE = "Novel/Novel-Info.plist";
				PRODUCT_NAME = "$(TARGET_NAME)";
				WRAPPER_EXTENSION = app;
			};
			name = Release;
		};
/* End XCBuildConfiguration section */

/* Begin XCConfigurationList section */
		C4E91B9E15A3FE5100FD5DEB /* Build configuration list for PBXProject "Novel" */ = {
			isa = XCConfigurationList;
			buildConfigurations = (
				C4E91BC015A3FE5200FD5DEB /* Debug */,
				C4E91BC115A3FE5200FD5DEB /* Release */,
			);
			defaultConfigurationIsVisible = 0;
			defaultConfigurationName = Release;
		};
		C4E91BC215A3FE5200FD5DEB /* Build configuration list for PBXNativeTarget "Novel" */ = {
			isa = XCConfigurationList;
			buildConfigurations = (
				C4E91BC315A3FE5200FD5DEB /* Debug */,
				C4E91BC415A3FE5200FD5DEB /* Release */,
			);
			defaultConfigurationIsVisible = 0;
			defaultConfigurationName = Release;
		};
/* End XCConfigurationList section */
	};
	rootObject = C4E91B9B15A3FE5100FD5DEB /* Project object */;
}
