// !$*UTF8*$!
{
	archiveVersion = 1;
	classes = {
	};
	objectVersion = 46;
	objects = {

/* Begin PBXBuildFile section */
		3AE68A2E16A10D72002317F4 /* UIKit.framework in Frameworks */ = {isa = PBXBuildFile; fileRef = 3AE68A2D16A10D72002317F4 /* UIKit.framework */; };
		3AE68A3016A10D72002317F4 /* Foundation.framework in Frameworks */ = {isa = PBXBuildFile; fileRef = 3AE68A2F16A10D72002317F4 /* Foundation.framework */; };
		3AE68A3216A10D72002317F4 /* CoreGraphics.framework in Frameworks */ = {isa = PBXBuildFile; fileRef = 3AE68A3116A10D72002317F4 /* CoreGraphics.framework */; };
		3AE68A3816A10D72002317F4 /* InfoPlist.strings in Resources */ = {isa = PBXBuildFile; fileRef = 3AE68A3616A10D72002317F4 /* InfoPlist.strings */; };
		3AE68A3A16A10D72002317F4 /* main.m in Sources */ = {isa = PBXBuildFile; fileRef = 3AE68A3916A10D72002317F4 /* main.m */; };
		3AE68A3E16A10D73002317F4 /* AppDelegate.m in Sources */ = {isa = PBXBuildFile; fileRef = 3AE68A3D16A10D73002317F4 /* AppDelegate.m */; };
		3AE68A4016A10D73002317F4 /* Default.png in Resources */ = {isa = PBXBuildFile; fileRef = 3AE68A3F16A10D73002317F4 /* Default.png */; };
		3AE68A4216A10D73002317F4 /* Default@2x.png in Resources */ = {isa = PBXBuildFile; fileRef = 3AE68A4116A10D73002317F4 /* Default@2x.png */; };
		3AE68A4416A10D73002317F4 /* Default-568h@2x.png in Resources */ = {isa = PBXBuildFile; fileRef = 3AE68A4316A10D73002317F4 /* Default-568h@2x.png */; };
		3AE68A4716A10D73002317F4 /* MainStoryboard_iPhone.storyboard in Resources */ = {isa = PBXBuildFile; fileRef = 3AE68A4516A10D73002317F4 /* MainStoryboard_iPhone.storyboard */; };
		3AE68A4A16A10D73002317F4 /* MainStoryboard_iPad.storyboard in Resources */ = {isa = PBXBuildFile; fileRef = 3AE68A4816A10D73002317F4 /* MainStoryboard_iPad.storyboard */; };
		3AE68A4D16A10D73002317F4 /* ViewController.m in Sources */ = {isa = PBXBuildFile; fileRef = 3AE68A4C16A10D73002317F4 /* ViewController.m */; };
/* End PBXBuildFile section */

/* Begin PBXFileReference section */
		3AE68A2916A10D72002317F4 /* ViewTest_U.app */ = {isa = PBXFileReference; explicitFileType = wrapper.application; includeInIndex = 0; path = ViewTest_U.app; sourceTree = BUILT_PRODUCTS_DIR; };
		3AE68A2D16A10D72002317F4 /* UIKit.framework */ = {isa = PBXFileReference; lastKnownFileType = wrapper.framework; name = UIKit.framework; path = System/Library/Frameworks/UIKit.framework; sourceTree = SDKROOT; };
		3AE68A2F16A10D72002317F4 /* Foundation.framework */ = {isa = PBXFileReference; lastKnownFileType = wrapper.framework; name = Foundation.framework; path = System/Library/Frameworks/Foundation.framework; sourceTree = SDKROOT; };
		3AE68A3116A10D72002317F4 /* CoreGraphics.framework */ = {isa = PBXFileReference; lastKnownFileType = wrapper.framework; name = CoreGraphics.framework; path = System/Library/Frameworks/CoreGraphics.framework; sourceTree = SDKROOT; };
		3AE68A3516A10D72002317F4 /* ViewTest_U-Info.plist */ = {isa = PBXFileReference; lastKnownFileType = text.plist.xml; path = "ViewTest_U-Info.plist"; sourceTree = "<group>"; };
		3AE68A3716A10D72002317F4 /* en */ = {isa = PBXFileReference; lastKnownFileType = text.plist.strings; name = en; path = en.lproj/InfoPlist.strings; sourceTree = "<group>"; };
		3AE68A3916A10D72002317F4 /* main.m */ = {isa = PBXFileReference; lastKnownFileType = sourcecode.c.objc; path = main.m; sourceTree = "<group>"; };
		3AE68A3B16A10D72002317F4 /* ViewTest_U-Prefix.pch */ = {isa = PBXFileReference; lastKnownFileType = sourcecode.c.h; path = "ViewTest_U-Prefix.pch"; sourceTree = "<group>"; };
		3AE68A3C16A10D72002317F4 /* AppDelegate.h */ = {isa = PBXFileReference; lastKnownFileType = sourcecode.c.h; path = AppDelegate.h; sourceTree = "<group>"; };
		3AE68A3D16A10D73002317F4 /* AppDelegate.m */ = {isa = PBXFileReference; lastKnownFileType = sourcecode.c.objc; path = AppDelegate.m; sourceTree = "<group>"; };
		3AE68A3F16A10D73002317F4 /* Default.png */ = {isa = PBXFileReference; lastKnownFileType = image.png; path = Default.png; sourceTree = "<group>"; };
		3AE68A4116A10D73002317F4 /* Default@2x.png */ = {isa = PBXFileReference; lastKnownFileType = image.png; path = "Default@2x.png"; sourceTree = "<group>"; };
		3AE68A4316A10D73002317F4 /* Default-568h@2x.png */ = {isa = PBXFileReference; lastKnownFileType = image.png; path = "Default-568h@2x.png"; sourceTree = "<group>"; };
		3AE68A4616A10D73002317F4 /* en */ = {isa = PBXFileReference; lastKnownFileType = file.storyboard; name = en; path = en.lproj/MainStoryboard_iPhone.storyboard; sourceTree = "<group>"; };
		3AE68A4916A10D73002317F4 /* en */ = {isa = PBXFileReference; lastKnownFileType = file.storyboard; name = en; path = en.lproj/MainStoryboard_iPad.storyboard; sourceTree = "<group>"; };
		3AE68A4B16A10D73002317F4 /* ViewController.h */ = {isa = PBXFileReference; lastKnownFileType = sourcecode.c.h; path = ViewController.h; sourceTree = "<group>"; };
		3AE68A4C16A10D73002317F4 /* ViewController.m */ = {isa = PBXFileReference; lastKnownFileType = sourcecode.c.objc; path = ViewController.m; sourceTree = "<group>"; };
/* End PBXFileReference section */

/* Begin PBXFrameworksBuildPhase section */
		3AE68A2616A10D72002317F4 /* Frameworks */ = {
			isa = PBXFrameworksBuildPhase;
			buildActionMask = 2147483647;
			files = (
				3AE68A2E16A10D72002317F4 /* UIKit.framework in Frameworks */,
				3AE68A3016A10D72002317F4 /* Foundation.framework in Frameworks */,
				3AE68A3216A10D72002317F4 /* CoreGraphics.framework in Frameworks */,
			);
			runOnlyForDeploymentPostprocessing = 0;
		};
/* End PBXFrameworksBuildPhase section */

/* Begin PBXGroup section */
		3AE68A1E16A10D72002317F4 = {
			isa = PBXGroup;
			children = (
				3AE68A3316A10D72002317F4 /* ViewTest_U */,
				3AE68A2C16A10D72002317F4 /* Frameworks */,
				3AE68A2A16A10D72002317F4 /* Products */,
			);
			sourceTree = "<group>";
		};
		3AE68A2A16A10D72002317F4 /* Products */ = {
			isa = PBXGroup;
			children = (
				3AE68A2916A10D72002317F4 /* ViewTest_U.app */,
			);
			name = Products;
			sourceTree = "<group>";
		};
		3AE68A2C16A10D72002317F4 /* Frameworks */ = {
			isa = PBXGroup;
			children = (
				3AE68A2D16A10D72002317F4 /* UIKit.framework */,
				3AE68A2F16A10D72002317F4 /* Foundation.framework */,
				3AE68A3116A10D72002317F4 /* CoreGraphics.framework */,
			);
			name = Frameworks;
			sourceTree = "<group>";
		};
		3AE68A3316A10D72002317F4 /* ViewTest_U */ = {
			isa = PBXGroup;
			children = (
				3AE68A3C16A10D72002317F4 /* AppDelegate.h */,
				3AE68A3D16A10D73002317F4 /* AppDelegate.m */,
				3AE68A4516A10D73002317F4 /* MainStoryboard_iPhone.storyboard */,
				3AE68A4816A10D73002317F4 /* MainStoryboard_iPad.storyboard */,
				3AE68A4B16A10D73002317F4 /* ViewController.h */,
				3AE68A4C16A10D73002317F4 /* ViewController.m */,
				3AE68A3416A10D72002317F4 /* Supporting Files */,
			);
			path = ViewTest_U;
			sourceTree = "<group>";
		};
		3AE68A3416A10D72002317F4 /* Supporting Files */ = {
			isa = PBXGroup;
			children = (
				3AE68A3516A10D72002317F4 /* ViewTest_U-Info.plist */,
				3AE68A3616A10D72002317F4 /* InfoPlist.strings */,
				3AE68A3916A10D72002317F4 /* main.m */,
				3AE68A3B16A10D72002317F4 /* ViewTest_U-Prefix.pch */,
				3AE68A3F16A10D73002317F4 /* Default.png */,
				3AE68A4116A10D73002317F4 /* Default@2x.png */,
				3AE68A4316A10D73002317F4 /* Default-568h@2x.png */,
			);
			name = "Supporting Files";
			sourceTree = "<group>";
		};
/* End PBXGroup section */

/* Begin PBXNativeTarget section */
		3AE68A2816A10D72002317F4 /* ViewTest_U */ = {
			isa = PBXNativeTarget;
			buildConfigurationList = 3AE68A5016A10D73002317F4 /* Build configuration list for PBXNativeTarget "ViewTest_U" */;
			buildPhases = (
				3AE68A2516A10D72002317F4 /* Sources */,
				3AE68A2616A10D72002317F4 /* Frameworks */,
				3AE68A2716A10D72002317F4 /* Resources */,
			);
			buildRules = (
			);
			dependencies = (
			);
			name = ViewTest_U;
			productName = ViewTest_U;
			productReference = 3AE68A2916A10D72002317F4 /* ViewTest_U.app */;
			productType = "com.apple.product-type.application";
		};
/* End PBXNativeTarget section */

/* Begin PBXProject section */
		3AE68A2016A10D72002317F4 /* Project object */ = {
			isa = PBXProject;
			attributes = {
				LastUpgradeCheck = 0450;
				ORGANIZATIONNAME = JzChang;
			};
			buildConfigurationList = 3AE68A2316A10D72002317F4 /* Build configuration list for PBXProject "ViewTest_U" */;
			compatibilityVersion = "Xcode 3.2";
			developmentRegion = English;
			hasScannedForEncodings = 0;
			knownRegions = (
				en,
			);
			mainGroup = 3AE68A1E16A10D72002317F4;
			productRefGroup = 3AE68A2A16A10D72002317F4 /* Products */;
			projectDirPath = "";
			projectRoot = "";
			targets = (
				3AE68A2816A10D72002317F4 /* ViewTest_U */,
			);
		};
/* End PBXProject section */

/* Begin PBXResourcesBuildPhase section */
		3AE68A2716A10D72002317F4 /* Resources */ = {
			isa = PBXResourcesBuildPhase;
			buildActionMask = 2147483647;
			files = (
				3AE68A3816A10D72002317F4 /* InfoPlist.strings in Resources */,
				3AE68A4016A10D73002317F4 /* Default.png in Resources */,
				3AE68A4216A10D73002317F4 /* Default@2x.png in Resources */,
				3AE68A4416A10D73002317F4 /* Default-568h@2x.png in Resources */,
				3AE68A4716A10D73002317F4 /* MainStoryboard_iPhone.storyboard in Resources */,
				3AE68A4A16A10D73002317F4 /* MainStoryboard_iPad.storyboard in Resources */,
			);
			runOnlyForDeploymentPostprocessing = 0;
		};
/* End PBXResourcesBuildPhase section */

/* Begin PBXSourcesBuildPhase section */
		3AE68A2516A10D72002317F4 /* Sources */ = {
			isa = PBXSourcesBuildPhase;
			buildActionMask = 2147483647;
			files = (
				3AE68A3A16A10D72002317F4 /* main.m in Sources */,
				3AE68A3E16A10D73002317F4 /* AppDelegate.m in Sources */,
				3AE68A4D16A10D73002317F4 /* ViewController.m in Sources */,
			);
			runOnlyForDeploymentPostprocessing = 0;
		};
/* End PBXSourcesBuildPhase section */

/* Begin PBXVariantGroup section */
		3AE68A3616A10D72002317F4 /* InfoPlist.strings */ = {
			isa = PBXVariantGroup;
			children = (
				3AE68A3716A10D72002317F4 /* en */,
			);
			name = InfoPlist.strings;
			sourceTree = "<group>";
		};
		3AE68A4516A10D73002317F4 /* MainStoryboard_iPhone.storyboard */ = {
			isa = PBXVariantGroup;
			children = (
				3AE68A4616A10D73002317F4 /* en */,
			);
			name = MainStoryboard_iPhone.storyboard;
			sourceTree = "<group>";
		};
		3AE68A4816A10D73002317F4 /* MainStoryboard_iPad.storyboard */ = {
			isa = PBXVariantGroup;
			children = (
				3AE68A4916A10D73002317F4 /* en */,
			);
			name = MainStoryboard_iPad.storyboard;
			sourceTree = "<group>";
		};
/* End PBXVariantGroup section */

/* Begin XCBuildConfiguration section */
		3AE68A4E16A10D73002317F4 /* Debug */ = {
			isa = XCBuildConfiguration;
			buildSettings = {
				ALWAYS_SEARCH_USER_PATHS = NO;
				CLANG_CXX_LANGUAGE_STANDARD = "gnu++0x";
				CLANG_CXX_LIBRARY = "libc++";
				CLANG_ENABLE_OBJC_ARC = YES;
				CLANG_WARN_EMPTY_BODY = YES;
				CLANG_WARN__DUPLICATE_METHOD_MATCH = YES;
				"CODE_SIGN_IDENTITY[sdk=iphoneos*]" = "iPhone Developer";
				COPY_PHASE_STRIP = NO;
				GCC_C_LANGUAGE_STANDARD = gnu99;
				GCC_DYNAMIC_NO_PIC = NO;
				GCC_OPTIMIZATION_LEVEL = 0;
				GCC_PREPROCESSOR_DEFINITIONS = (
					"DEBUG=1",
					"$(inherited)",
				);
				GCC_SYMBOLS_PRIVATE_EXTERN = NO;
				GCC_WARN_ABOUT_RETURN_TYPE = YES;
				GCC_WARN_UNINITIALIZED_AUTOS = YES;
				GCC_WARN_UNUSED_VARIABLE = YES;
				IPHONEOS_DEPLOYMENT_TARGET = 6.0;
				ONLY_ACTIVE_ARCH = YES;
				SDKROOT = iphoneos;
				TARGETED_DEVICE_FAMILY = "1,2";
			};
			name = Debug;
		};
		3AE68A4F16A10D73002317F4 /* Release */ = {
			isa = XCBuildConfiguration;
			buildSettings = {
				ALWAYS_SEARCH_USER_PATHS = NO;
				CLANG_CXX_LANGUAGE_STANDARD = "gnu++0x";
				CLANG_CXX_LIBRARY = "libc++";
				CLANG_ENABLE_OBJC_ARC = YES;
				CLANG_WARN_EMPTY_BODY = YES;
				CLANG_WARN__DUPLICATE_METHOD_MATCH = YES;
				"CODE_SIGN_IDENTITY[sdk=iphoneos*]" = "iPhone Developer";
				COPY_PHASE_STRIP = YES;
				GCC_C_LANGUAGE_STANDARD = gnu99;
				GCC_WARN_ABOUT_RETURN_TYPE = YES;
				GCC_WARN_UNINITIALIZED_AUTOS = YES;
				GCC_WARN_UNUSED_VARIABLE = YES;
				IPHONEOS_DEPLOYMENT_TARGET = 6.0;
				OTHER_CFLAGS = "-DNS_BLOCK_ASSERTIONS=1";
				SDKROOT = iphoneos;
				TARGETED_DEVICE_FAMILY = "1,2";
				VALIDATE_PRODUCT = YES;
			};
			name = Release;
		};
		3AE68A5116A10D73002317F4 /* Debug */ = {
			isa = XCBuildConfiguration;
			buildSettings = {
				GCC_PRECOMPILE_PREFIX_HEADER = YES;
				GCC_PREFIX_HEADER = "ViewTest_U/ViewTest_U-Prefix.pch";
				INFOPLIST_FILE = "ViewTest_U/ViewTest_U-Info.plist";
				PRODUCT_NAME = "$(TARGET_NAME)";
				WRAPPER_EXTENSION = app;
			};
			name = Debug;
		};
		3AE68A5216A10D73002317F4 /* Release */ = {
			isa = XCBuildConfiguration;
			buildSettings = {
				GCC_PRECOMPILE_PREFIX_HEADER = YES;
				GCC_PREFIX_HEADER = "ViewTest_U/ViewTest_U-Prefix.pch";
				INFOPLIST_FILE = "ViewTest_U/ViewTest_U-Info.plist";
				PRODUCT_NAME = "$(TARGET_NAME)";
				WRAPPER_EXTENSION = app;
			};
			name = Release;
		};
/* End XCBuildConfiguration section */

/* Begin XCConfigurationList section */
		3AE68A2316A10D72002317F4 /* Build configuration list for PBXProject "ViewTest_U" */ = {
			isa = XCConfigurationList;
			buildConfigurations = (
				3AE68A4E16A10D73002317F4 /* Debug */,
				3AE68A4F16A10D73002317F4 /* Release */,
			);
			defaultConfigurationIsVisible = 0;
			defaultConfigurationName = Release;
		};
		3AE68A5016A10D73002317F4 /* Build configuration list for PBXNativeTarget "ViewTest_U" */ = {
			isa = XCConfigurationList;
			buildConfigurations = (
				3AE68A5116A10D73002317F4 /* Debug */,
				3AE68A5216A10D73002317F4 /* Release */,
			);
			defaultConfigurationIsVisible = 0;
		};
/* End XCConfigurationList section */
	};
	rootObject = 3AE68A2016A10D72002317F4 /* Project object */;
}
