// !$*UTF8*$!
{
	archiveVersion = 1;
	classes = {
	};
	objectVersion = 46;
	objects = {

/* Begin PBXBuildFile section */
		3ABEC7B916AC34390079320A /* iPhone.storyboard in Resources */ = {isa = PBXBuildFile; fileRef = 3ABEC7B816AC34390079320A /* iPhone.storyboard */; };
		3ABEC7BB16AC344D0079320A /* iPad.storyboard in Resources */ = {isa = PBXBuildFile; fileRef = 3ABEC7BA16AC344D0079320A /* iPad.storyboard */; };
		C44608C915AD405700ABC9D1 /* UIKit.framework in Frameworks */ = {isa = PBXBuildFile; fileRef = C44608C815AD405700ABC9D1 /* UIKit.framework */; };
		C44608CB15AD405700ABC9D1 /* Foundation.framework in Frameworks */ = {isa = PBXBuildFile; fileRef = C44608CA15AD405700ABC9D1 /* Foundation.framework */; };
		C44608CD15AD405700ABC9D1 /* CoreGraphics.framework in Frameworks */ = {isa = PBXBuildFile; fileRef = C44608CC15AD405700ABC9D1 /* CoreGraphics.framework */; };
		C44608D315AD405700ABC9D1 /* InfoPlist.strings in Resources */ = {isa = PBXBuildFile; fileRef = C44608D115AD405700ABC9D1 /* InfoPlist.strings */; };
		C44608D515AD405700ABC9D1 /* main.m in Sources */ = {isa = PBXBuildFile; fileRef = C44608D415AD405700ABC9D1 /* main.m */; };
		C44608D915AD405700ABC9D1 /* AppDelegate.m in Sources */ = {isa = PBXBuildFile; fileRef = C44608D815AD405700ABC9D1 /* AppDelegate.m */; };
		C44608DC15AD405700ABC9D1 /* ViewController.m in Sources */ = {isa = PBXBuildFile; fileRef = C44608DB15AD405700ABC9D1 /* ViewController.m */; };
/* End PBXBuildFile section */

/* Begin PBXFileReference section */
		3ABEC7B816AC34390079320A /* iPhone.storyboard */ = {isa = PBXFileReference; fileEncoding = 4; lastKnownFileType = file.storyboard; path = iPhone.storyboard; sourceTree = "<group>"; };
		3ABEC7BA16AC344D0079320A /* iPad.storyboard */ = {isa = PBXFileReference; fileEncoding = 4; lastKnownFileType = file.storyboard; path = iPad.storyboard; sourceTree = "<group>"; };
		C44608C415AD405700ABC9D1 /* WebViewTEST.app */ = {isa = PBXFileReference; explicitFileType = wrapper.application; includeInIndex = 0; path = WebViewTEST.app; sourceTree = BUILT_PRODUCTS_DIR; };
		C44608C815AD405700ABC9D1 /* UIKit.framework */ = {isa = PBXFileReference; lastKnownFileType = wrapper.framework; name = UIKit.framework; path = System/Library/Frameworks/UIKit.framework; sourceTree = SDKROOT; };
		C44608CA15AD405700ABC9D1 /* Foundation.framework */ = {isa = PBXFileReference; lastKnownFileType = wrapper.framework; name = Foundation.framework; path = System/Library/Frameworks/Foundation.framework; sourceTree = SDKROOT; };
		C44608CC15AD405700ABC9D1 /* CoreGraphics.framework */ = {isa = PBXFileReference; lastKnownFileType = wrapper.framework; name = CoreGraphics.framework; path = System/Library/Frameworks/CoreGraphics.framework; sourceTree = SDKROOT; };
		C44608D015AD405700ABC9D1 /* WebViewTEST-Info.plist */ = {isa = PBXFileReference; lastKnownFileType = text.plist.xml; path = "WebViewTEST-Info.plist"; sourceTree = "<group>"; };
		C44608D215AD405700ABC9D1 /* en */ = {isa = PBXFileReference; lastKnownFileType = text.plist.strings; name = en; path = en.lproj/InfoPlist.strings; sourceTree = "<group>"; };
		C44608D415AD405700ABC9D1 /* main.m */ = {isa = PBXFileReference; lastKnownFileType = sourcecode.c.objc; path = main.m; sourceTree = "<group>"; };
		C44608D615AD405700ABC9D1 /* WebViewTEST-Prefix.pch */ = {isa = PBXFileReference; lastKnownFileType = sourcecode.c.h; path = "WebViewTEST-Prefix.pch"; sourceTree = "<group>"; };
		C44608D715AD405700ABC9D1 /* AppDelegate.h */ = {isa = PBXFileReference; lastKnownFileType = sourcecode.c.h; path = AppDelegate.h; sourceTree = "<group>"; };
		C44608D815AD405700ABC9D1 /* AppDelegate.m */ = {isa = PBXFileReference; lastKnownFileType = sourcecode.c.objc; path = AppDelegate.m; sourceTree = "<group>"; };
		C44608DA15AD405700ABC9D1 /* ViewController.h */ = {isa = PBXFileReference; lastKnownFileType = sourcecode.c.h; path = ViewController.h; sourceTree = "<group>"; };
		C44608DB15AD405700ABC9D1 /* ViewController.m */ = {isa = PBXFileReference; lastKnownFileType = sourcecode.c.objc; path = ViewController.m; sourceTree = "<group>"; };
/* End PBXFileReference section */

/* Begin PBXFrameworksBuildPhase section */
		C44608C115AD405700ABC9D1 /* Frameworks */ = {
			isa = PBXFrameworksBuildPhase;
			buildActionMask = 2147483647;
			files = (
				C44608C915AD405700ABC9D1 /* UIKit.framework in Frameworks */,
				C44608CB15AD405700ABC9D1 /* Foundation.framework in Frameworks */,
				C44608CD15AD405700ABC9D1 /* CoreGraphics.framework in Frameworks */,
			);
			runOnlyForDeploymentPostprocessing = 0;
		};
/* End PBXFrameworksBuildPhase section */

/* Begin PBXGroup section */
		C44608B915AD405700ABC9D1 = {
			isa = PBXGroup;
			children = (
				C44608CE15AD405700ABC9D1 /* WebViewTEST */,
				C44608C715AD405700ABC9D1 /* Frameworks */,
				C44608C515AD405700ABC9D1 /* Products */,
			);
			sourceTree = "<group>";
		};
		C44608C515AD405700ABC9D1 /* Products */ = {
			isa = PBXGroup;
			children = (
				C44608C415AD405700ABC9D1 /* WebViewTEST.app */,
			);
			name = Products;
			sourceTree = "<group>";
		};
		C44608C715AD405700ABC9D1 /* Frameworks */ = {
			isa = PBXGroup;
			children = (
				C44608C815AD405700ABC9D1 /* UIKit.framework */,
				C44608CA15AD405700ABC9D1 /* Foundation.framework */,
				C44608CC15AD405700ABC9D1 /* CoreGraphics.framework */,
			);
			name = Frameworks;
			sourceTree = "<group>";
		};
		C44608CE15AD405700ABC9D1 /* WebViewTEST */ = {
			isa = PBXGroup;
			children = (
				C44608D715AD405700ABC9D1 /* AppDelegate.h */,
				C44608D815AD405700ABC9D1 /* AppDelegate.m */,
				C44608DA15AD405700ABC9D1 /* ViewController.h */,
				C44608DB15AD405700ABC9D1 /* ViewController.m */,
				C44608CF15AD405700ABC9D1 /* Supporting Files */,
				3ABEC7B816AC34390079320A /* iPhone.storyboard */,
				3ABEC7BA16AC344D0079320A /* iPad.storyboard */,
			);
			path = WebViewTEST;
			sourceTree = "<group>";
		};
		C44608CF15AD405700ABC9D1 /* Supporting Files */ = {
			isa = PBXGroup;
			children = (
				C44608D015AD405700ABC9D1 /* WebViewTEST-Info.plist */,
				C44608D115AD405700ABC9D1 /* InfoPlist.strings */,
				C44608D415AD405700ABC9D1 /* main.m */,
				C44608D615AD405700ABC9D1 /* WebViewTEST-Prefix.pch */,
			);
			name = "Supporting Files";
			sourceTree = "<group>";
		};
/* End PBXGroup section */

/* Begin PBXNativeTarget section */
		C44608C315AD405700ABC9D1 /* WebViewTEST */ = {
			isa = PBXNativeTarget;
			buildConfigurationList = C44608E215AD405700ABC9D1 /* Build configuration list for PBXNativeTarget "WebViewTEST" */;
			buildPhases = (
				C44608C015AD405700ABC9D1 /* Sources */,
				C44608C115AD405700ABC9D1 /* Frameworks */,
				C44608C215AD405700ABC9D1 /* Resources */,
			);
			buildRules = (
			);
			dependencies = (
			);
			name = WebViewTEST;
			productName = WebViewTEST;
			productReference = C44608C415AD405700ABC9D1 /* WebViewTEST.app */;
			productType = "com.apple.product-type.application";
		};
/* End PBXNativeTarget section */

/* Begin PBXProject section */
		C44608BB15AD405700ABC9D1 /* Project object */ = {
			isa = PBXProject;
			attributes = {
				LastUpgradeCheck = 0430;
			};
			buildConfigurationList = C44608BE15AD405700ABC9D1 /* Build configuration list for PBXProject "WebViewTEST" */;
			compatibilityVersion = "Xcode 3.2";
			developmentRegion = English;
			hasScannedForEncodings = 0;
			knownRegions = (
				en,
			);
			mainGroup = C44608B915AD405700ABC9D1;
			productRefGroup = C44608C515AD405700ABC9D1 /* Products */;
			projectDirPath = "";
			projectRoot = "";
			targets = (
				C44608C315AD405700ABC9D1 /* WebViewTEST */,
			);
		};
/* End PBXProject section */

/* Begin PBXResourcesBuildPhase section */
		C44608C215AD405700ABC9D1 /* Resources */ = {
			isa = PBXResourcesBuildPhase;
			buildActionMask = 2147483647;
			files = (
				C44608D315AD405700ABC9D1 /* InfoPlist.strings in Resources */,
				3ABEC7B916AC34390079320A /* iPhone.storyboard in Resources */,
				3ABEC7BB16AC344D0079320A /* iPad.storyboard in Resources */,
			);
			runOnlyForDeploymentPostprocessing = 0;
		};
/* End PBXResourcesBuildPhase section */

/* Begin PBXSourcesBuildPhase section */
		C44608C015AD405700ABC9D1 /* Sources */ = {
			isa = PBXSourcesBuildPhase;
			buildActionMask = 2147483647;
			files = (
				C44608D515AD405700ABC9D1 /* main.m in Sources */,
				C44608D915AD405700ABC9D1 /* AppDelegate.m in Sources */,
				C44608DC15AD405700ABC9D1 /* ViewController.m in Sources */,
			);
			runOnlyForDeploymentPostprocessing = 0;
		};
/* End PBXSourcesBuildPhase section */

/* Begin PBXVariantGroup section */
		C44608D115AD405700ABC9D1 /* InfoPlist.strings */ = {
			isa = PBXVariantGroup;
			children = (
				C44608D215AD405700ABC9D1 /* en */,
			);
			name = InfoPlist.strings;
			sourceTree = "<group>";
		};
/* End PBXVariantGroup section */

/* Begin XCBuildConfiguration section */
		C44608E015AD405700ABC9D1 /* Debug */ = {
			isa = XCBuildConfiguration;
			buildSettings = {
				ALWAYS_SEARCH_USER_PATHS = NO;
				ARCHS = "$(ARCHS_STANDARD_32_BIT)";
				CLANG_ENABLE_OBJC_ARC = YES;
				"CODE_SIGN_IDENTITY[sdk=iphoneos*]" = "iPhone Developer";
				COPY_PHASE_STRIP = NO;
				GCC_C_LANGUAGE_STANDARD = gnu99;
				GCC_DYNAMIC_NO_PIC = NO;
				GCC_OPTIMIZATION_LEVEL = 0;
				GCC_PREPROCESSOR_DEFINITIONS = (
					"DEBUG=1",
					"$(inherited)",
				);
				GCC_SYMBOLS_PRIVATE_EXTERN = NO;
				GCC_VERSION = com.apple.compilers.llvm.clang.1_0;
				GCC_WARN_ABOUT_RETURN_TYPE = YES;
				GCC_WARN_UNINITIALIZED_AUTOS = YES;
				GCC_WARN_UNUSED_VARIABLE = YES;
				IPHONEOS_DEPLOYMENT_TARGET = 5.1;
				SDKROOT = iphoneos;
			};
			name = Debug;
		};
		C44608E115AD405700ABC9D1 /* Release */ = {
			isa = XCBuildConfiguration;
			buildSettings = {
				ALWAYS_SEARCH_USER_PATHS = NO;
				ARCHS = "$(ARCHS_STANDARD_32_BIT)";
				CLANG_ENABLE_OBJC_ARC = YES;
				"CODE_SIGN_IDENTITY[sdk=iphoneos*]" = "iPhone Developer";
				COPY_PHASE_STRIP = YES;
				GCC_C_LANGUAGE_STANDARD = gnu99;
				GCC_VERSION = com.apple.compilers.llvm.clang.1_0;
				GCC_WARN_ABOUT_RETURN_TYPE = YES;
				GCC_WARN_UNINITIALIZED_AUTOS = YES;
				GCC_WARN_UNUSED_VARIABLE = YES;
				IPHONEOS_DEPLOYMENT_TARGET = 5.1;
				OTHER_CFLAGS = "-DNS_BLOCK_ASSERTIONS=1";
				SDKROOT = iphoneos;
				VALIDATE_PRODUCT = YES;
			};
			name = Release;
		};
		C44608E315AD405700ABC9D1 /* Debug */ = {
			isa = XCBuildConfiguration;
			buildSettings = {
				GCC_PRECOMPILE_PREFIX_HEADER = YES;
				GCC_PREFIX_HEADER = "WebViewTEST/WebViewTEST-Prefix.pch";
				INFOPLIST_FILE = "WebViewTEST/WebViewTEST-Info.plist";
				IPHONEOS_DEPLOYMENT_TARGET = 6.0;
				PRODUCT_NAME = "$(TARGET_NAME)";
				TARGETED_DEVICE_FAMILY = "1,2";
				WRAPPER_EXTENSION = app;
			};
			name = Debug;
		};
		C44608E415AD405700ABC9D1 /* Release */ = {
			isa = XCBuildConfiguration;
			buildSettings = {
				GCC_PRECOMPILE_PREFIX_HEADER = YES;
				GCC_PREFIX_HEADER = "WebViewTEST/WebViewTEST-Prefix.pch";
				INFOPLIST_FILE = "WebViewTEST/WebViewTEST-Info.plist";
				IPHONEOS_DEPLOYMENT_TARGET = 6.0;
				PRODUCT_NAME = "$(TARGET_NAME)";
				TARGETED_DEVICE_FAMILY = "1,2";
				WRAPPER_EXTENSION = app;
			};
			name = Release;
		};
/* End XCBuildConfiguration section */

/* Begin XCConfigurationList section */
		C44608BE15AD405700ABC9D1 /* Build configuration list for PBXProject "WebViewTEST" */ = {
			isa = XCConfigurationList;
			buildConfigurations = (
				C44608E015AD405700ABC9D1 /* Debug */,
				C44608E115AD405700ABC9D1 /* Release */,
			);
			defaultConfigurationIsVisible = 0;
			defaultConfigurationName = Release;
		};
		C44608E215AD405700ABC9D1 /* Build configuration list for PBXNativeTarget "WebViewTEST" */ = {
			isa = XCConfigurationList;
			buildConfigurations = (
				C44608E315AD405700ABC9D1 /* Debug */,
				C44608E415AD405700ABC9D1 /* Release */,
			);
			defaultConfigurationIsVisible = 0;
			defaultConfigurationName = Release;
		};
/* End XCConfigurationList section */
	};
	rootObject = C44608BB15AD405700ABC9D1 /* Project object */;
}
